
Microsoft Visual Studio Solution File, Format Version 12.00
# Visual Studio Version 17
VisualStudioVersion = 17.7.34221.43
MinimumVisualStudioVersion = 10.0.40219.1
Project("{9A19103F-16F7-4668-BE54-9A1E7A4F7556}") = "S10258596G_PRG2Assignment", "S10258596G_PRG2Assignment.csproj", "{C82B506A-A3A5-46DC-A14D-FD7D1B601D25}"
EndProject
Global
	GlobalSection(SolutionConfigurationPlatforms) = preSolution
		Debug|Any CPU = Debug|Any CPU
		Release|Any CPU = Release|Any CPU
	EndGlobalSection
	GlobalSection(ProjectConfigurationPlatforms) = postSolution
		{C82B506A-A3A5-46DC-A14D-FD7D1B601D25}.Debug|Any CPU.ActiveCfg = Debug|Any CPU
		{C82B506A-A3A5-46DC-A14D-FD7D1B601D25}.Debug|Any CPU.Build.0 = Debug|Any CPU
		{C82B506A-A3A5-46DC-A14D-FD7D1B601D25}.Release|Any CPU.ActiveCfg = Release|Any CPU
		{C82B506A-A3A5-46DC-A14D-FD7D1B601D25}.Release|Any CPU.Build.0 = Release|Any CPU
	EndGlobalSection
	GlobalSection(SolutionProperties) = preSolution
		HideSolutionNode = FALSE
	EndGlobalSection
	GlobalSection(ExtensibilityGlobals) = postSolution
		SolutionGuid = {941C21E0-EE9B-4244-B2A8-4FAEAE04475B}
	EndGlobalSection
EndGlobal
